
Microsoft Visual Studio Solution File, Format Version 12.00
# Visual Studio Version 17
VisualStudioVersion = 17.6.33815.320
MinimumVisualStudioVersion = 10.0.40219.1
Project("{FAE04EC0-301F-11D3-BF4B-00C04F79EFBC}") = "lojas_soul", "lojas_soul\lojas_soul.csproj", "{698F117D-3E76-4389-9BE0-F3D539023982}"
EndProject
Global
	GlobalSection(SolutionConfigurationPlatforms) = preSolution
		Debug|Any CPU = Debug|Any CPU
		Release|Any CPU = Release|Any CPU
	EndGlobalSection
	GlobalSection(ProjectConfigurationPlatforms) = postSolution
		{698F117D-3E76-4389-9BE0-F3D539023982}.Debug|Any CPU.ActiveCfg = Debug|Any CPU
		{698F117D-3E76-4389-9BE0-F3D539023982}.Debug|Any CPU.Build.0 = Debug|Any CPU
		{698F117D-3E76-4389-9BE0-F3D539023982}.Release|Any CPU.ActiveCfg = Release|Any CPU
		{698F117D-3E76-4389-9BE0-F3D539023982}.Release|Any CPU.Build.0 = Release|Any CPU
	EndGlobalSection
	GlobalSection(SolutionProperties) = preSolution
		HideSolutionNode = FALSE
	EndGlobalSection
	GlobalSection(ExtensibilityGlobals) = postSolution
		SolutionGuid = {9A00DB15-7784-4372-8E33-51C0C3DE7C33}
	EndGlobalSection
EndGlobal
